
Microsoft Visual Studio Solution File, Format Version 12.00
# Visual Studio Version 16
VisualStudioVersion = 16.0.31112.23
MinimumVisualStudioVersion = 10.0.40219.1
Project("{FAE04EC0-301F-11D3-BF4B-00C04F79EFBC}") = "KalkulatorZPomocaDelegatow", "KalkulatorZPomocaDelegatow\KalkulatorZPomocaDelegatow.csproj", "{DE373DC1-37B8-4FBF-A207-619AFC86B6A6}"
EndProject
Global
	GlobalSection(SolutionConfigurationPlatforms) = preSolution
		Debug|Any CPU = Debug|Any CPU
		Release|Any CPU = Release|Any CPU
	EndGlobalSection
	GlobalSection(ProjectConfigurationPlatforms) = postSolution
		{DE373DC1-37B8-4FBF-A207-619AFC86B6A6}.Debug|Any CPU.ActiveCfg = Debug|Any CPU
		{DE373DC1-37B8-4FBF-A207-619AFC86B6A6}.Debug|Any CPU.Build.0 = Debug|Any CPU
		{DE373DC1-37B8-4FBF-A207-619AFC86B6A6}.Release|Any CPU.ActiveCfg = Release|Any CPU
		{DE373DC1-37B8-4FBF-A207-619AFC86B6A6}.Release|Any CPU.Build.0 = Release|Any CPU
	EndGlobalSection
	GlobalSection(SolutionProperties) = preSolution
		HideSolutionNode = FALSE
	EndGlobalSection
	GlobalSection(ExtensibilityGlobals) = postSolution
		SolutionGuid = {79121ACD-4A89-4E1C-8CB0-538C03D550BA}
	EndGlobalSection
EndGlobal
